
Microsoft Visual Studio Solution File, Format Version 12.00
# Visual Studio Version 16
VisualStudioVersion = 16.0.31624.102
MinimumVisualStudioVersion = 10.0.40219.1
Project("{FAE04EC0-301F-11D3-BF4B-00C04F79EFBC}") = "E-IhaleBE", "E-IhaleBE\E-IhaleBE.csproj", "{1E8708C7-05BA-4D4D-98FF-CDE22784743F}"
EndProject
Global
	GlobalSection(SolutionConfigurationPlatforms) = preSolution
		Debug|Any CPU = Debug|Any CPU
		Release|Any CPU = Release|Any CPU
	EndGlobalSection
	GlobalSection(ProjectConfigurationPlatforms) = postSolution
		{1E8708C7-05BA-4D4D-98FF-CDE22784743F}.Debug|Any CPU.ActiveCfg = Debug|Any CPU
		{1E8708C7-05BA-4D4D-98FF-CDE22784743F}.Debug|Any CPU.Build.0 = Debug|Any CPU
		{1E8708C7-05BA-4D4D-98FF-CDE22784743F}.Release|Any CPU.ActiveCfg = Release|Any CPU
		{1E8708C7-05BA-4D4D-98FF-CDE22784743F}.Release|Any CPU.Build.0 = Release|Any CPU
	EndGlobalSection
	GlobalSection(SolutionProperties) = preSolution
		HideSolutionNode = FALSE
	EndGlobalSection
	GlobalSection(ExtensibilityGlobals) = postSolution
		SolutionGuid = {01B403D7-0631-4163-AF1B-2822628F01B9}
	EndGlobalSection
EndGlobal
